
Microsoft Visual Studio Solution File, Format Version 12.00
# Visual Studio Version 17
VisualStudioVersion = 17.8.34330.188
MinimumVisualStudioVersion = 10.0.40219.1
Project("{FAE04EC0-301F-11D3-BF4B-00C04F79EFBC}") = "IdentityDemoProject", "IdentityDemoProject\IdentityDemoProject.csproj", "{178076A5-745B-4ADA-93A8-D86B49275874}"
EndProject
Global
	GlobalSection(SolutionConfigurationPlatforms) = preSolution
		Debug|Any CPU = Debug|Any CPU
		Release|Any CPU = Release|Any CPU
	EndGlobalSection
	GlobalSection(ProjectConfigurationPlatforms) = postSolution
		{178076A5-745B-4ADA-93A8-D86B49275874}.Debug|Any CPU.ActiveCfg = Debug|Any CPU
		{178076A5-745B-4ADA-93A8-D86B49275874}.Debug|Any CPU.Build.0 = Debug|Any CPU
		{178076A5-745B-4ADA-93A8-D86B49275874}.Release|Any CPU.ActiveCfg = Release|Any CPU
		{178076A5-745B-4ADA-93A8-D86B49275874}.Release|Any CPU.Build.0 = Release|Any CPU
	EndGlobalSection
	GlobalSection(SolutionProperties) = preSolution
		HideSolutionNode = FALSE
	EndGlobalSection
	GlobalSection(ExtensibilityGlobals) = postSolution
		SolutionGuid = {63E23F33-67BF-46D0-9B28-99C327B0C9EB}
	EndGlobalSection
EndGlobal
